{
  "nodes": {
    "nixpkgs": {
      "info": {
        "lastModified": 1588739729,
        "narHash": "sha256-CIRFjVD+okN8INvkWqLq+O9lRdBmX1CI59UtxDRbuNs="
      },
      "locked": {
        "owner": "NixOS",
        "repo": "nixpkgs-channels",
        "rev": "5f14d99efed32721172a819b6e78a5520bab4bc6",
        "type": "github"
      },
      "original": {
        "owner": "NixOS",
        "ref": "nixpkgs-unstable",
        "repo": "nixpkgs-channels",
        "type": "github"
      }
    },
    "root": {
      "inputs": {
        "nixpkgs": "nixpkgs",
        "utils": "utils"
      }
    },
    "utils": {
      "info": {
        "lastModified": 1588452686,
        "narHash": "sha256-IVzQPDjRt4hCJpSl9i14AUP/fG/Y+7UAr+HrGFSs864="
      },
      "locked": {
        "owner": "numtide",
        "repo": "flake-utils",
        "rev": "18a33a4d4410bf4386572b4ef7296b5786ec2fa9",
        "type": "github"
      },
      "original": {
        "owner": "numtide",
        "repo": "flake-utils",
        "type": "github"
      }
    }
  },
  "root": "root",
  "version": 5
}
